
Microsoft Visual Studio Solution File, Format Version 12.00
# Visual Studio Version 16
VisualStudioVersion = 16.0.30503.244
MinimumVisualStudioVersion = 10.0.40219.1
Project("{9A19103F-16F7-4668-BE54-9A1E7A4F7556}") = "DelegatesAndEvents", "ConsoleApp53\DelegatesAndEvents.csproj", "{C40E1E48-7E52-425D-B7E6-0D18258B2188}"
EndProject
Global
	GlobalSection(SolutionConfigurationPlatforms) = preSolution
		Debug|Any CPU = Debug|Any CPU
		Release|Any CPU = Release|Any CPU
	EndGlobalSection
	GlobalSection(ProjectConfigurationPlatforms) = postSolution
		{C40E1E48-7E52-425D-B7E6-0D18258B2188}.Debug|Any CPU.ActiveCfg = Debug|Any CPU
		{C40E1E48-7E52-425D-B7E6-0D18258B2188}.Debug|Any CPU.Build.0 = Debug|Any CPU
		{C40E1E48-7E52-425D-B7E6-0D18258B2188}.Release|Any CPU.ActiveCfg = Release|Any CPU
		{C40E1E48-7E52-425D-B7E6-0D18258B2188}.Release|Any CPU.Build.0 = Release|Any CPU
	EndGlobalSection
	GlobalSection(SolutionProperties) = preSolution
		HideSolutionNode = FALSE
	EndGlobalSection
	GlobalSection(ExtensibilityGlobals) = postSolution
		SolutionGuid = {B94BC22B-CF1B-4E79-82AE-C2E8ADE09FC8}
	EndGlobalSection
EndGlobal
